// !$*UTF8*$!
{
	archiveVersion = 1;
	classes = {
	};
	objectVersion = 45;
	objects = {

/* Begin PBXBuildFile section */
		1D3623260D0F684500981E51 /* MusicCheckinAppDelegate.m in Sources */ = {isa = PBXBuildFile; fileRef = 1D3623250D0F684500981E51 /* MusicCheckinAppDelegate.m */; };
		1D60589B0D05DD56006BFB54 /* main.m in Sources */ = {isa = PBXBuildFile; fileRef = 29B97316FDCFA39411CA2CEA /* main.m */; };
		1D60589F0D05DD5A006BFB54 /* Foundation.framework in Frameworks */ = {isa = PBXBuildFile; fileRef = 1D30AB110D05D00D00671497 /* Foundation.framework */; };
		1DF5F4E00D08C38300B7A737 /* UIKit.framework in Frameworks */ = {isa = PBXBuildFile; fileRef = 1DF5F4DF0D08C38300B7A737 /* UIKit.framework */; };
		288765FD0DF74451002DB57D /* CoreGraphics.framework in Frameworks */ = {isa = PBXBuildFile; fileRef = 288765FC0DF74451002DB57D /* CoreGraphics.framework */; };
		C70A7333118D17F700FA5E7C /* AccountViewController.m in Sources */ = {isa = PBXBuildFile; fileRef = C70A732F118D17F700FA5E7C /* AccountViewController.m */; };
		C70A7334118D17F700FA5E7C /* AccountViewController.xib in Resources */ = {isa = PBXBuildFile; fileRef = C70A7330118D17F700FA5E7C /* AccountViewController.xib */; };
		C70A7335118D17F700FA5E7C /* TwitterUser.m in Sources */ = {isa = PBXBuildFile; fileRef = C70A7332118D17F700FA5E7C /* TwitterUser.m */; };
		C70A734F118D1D8100FA5E7C /* NowPlayingViewController.m in Sources */ = {isa = PBXBuildFile; fileRef = C70A734D118D1D8100FA5E7C /* NowPlayingViewController.m */; };
		C70A7350118D1D8100FA5E7C /* NowPlayingViewController.xib in Resources */ = {isa = PBXBuildFile; fileRef = C70A734E118D1D8100FA5E7C /* NowPlayingViewController.xib */; };
		C70A7358118D1DCD00FA5E7C /* CheckinDetailsViewController.m in Sources */ = {isa = PBXBuildFile; fileRef = C70A7354118D1DCD00FA5E7C /* CheckinDetailsViewController.m */; };
		C70A7359118D1DCD00FA5E7C /* CheckinDetailsViewController.xib in Resources */ = {isa = PBXBuildFile; fileRef = C70A7355118D1DCD00FA5E7C /* CheckinDetailsViewController.xib */; };
		C70A735A118D1DCD00FA5E7C /* SongInfo.m in Sources */ = {isa = PBXBuildFile; fileRef = C70A7357118D1DCD00FA5E7C /* SongInfo.m */; };
		C70A7361118D1DEC00FA5E7C /* Champion.jpg in Resources */ = {isa = PBXBuildFile; fileRef = C70A735C118D1DEC00FA5E7C /* Champion.jpg */; };
		C70A7362118D1DEC00FA5E7C /* facebook.png in Resources */ = {isa = PBXBuildFile; fileRef = C70A735D118D1DEC00FA5E7C /* facebook.png */; };
		C70A7363118D1DEC00FA5E7C /* facebookbug.PNG in Resources */ = {isa = PBXBuildFile; fileRef = C70A735E118D1DEC00FA5E7C /* facebookbug.PNG */; };
		C70A7364118D1DEC00FA5E7C /* twitter.png in Resources */ = {isa = PBXBuildFile; fileRef = C70A735F118D1DEC00FA5E7C /* twitter.png */; };
		C70A7365118D1DEC00FA5E7C /* twitterbug.png in Resources */ = {isa = PBXBuildFile; fileRef = C70A7360118D1DEC00FA5E7C /* twitterbug.png */; };
		C71654EC118DFEDA00672DF7 /* WorldPlayingViewController.m in Sources */ = {isa = PBXBuildFile; fileRef = C71654EA118DFEDA00672DF7 /* WorldPlayingViewController.m */; };
		C71654ED118DFEDA00672DF7 /* WorldPlayingViewController.xib in Resources */ = {isa = PBXBuildFile; fileRef = C71654EB118DFEDA00672DF7 /* WorldPlayingViewController.xib */; };
		C71655BE118E222000672DF7 /* Default.png in Resources */ = {isa = PBXBuildFile; fileRef = C71655BC118E222000672DF7 /* Default.png */; };
		C71655BF118E222000672DF7 /* mainlogo.png in Resources */ = {isa = PBXBuildFile; fileRef = C71655BD118E222000672DF7 /* mainlogo.png */; };
		C71655C4118E26E000672DF7 /* mainicon.jpg in Resources */ = {isa = PBXBuildFile; fileRef = C71655C3118E26E000672DF7 /* mainicon.jpg */; };
		C71655F8118E2D8E00672DF7 /* world.png in Resources */ = {isa = PBXBuildFile; fileRef = C71655F7118E2D8E00672DF7 /* world.png */; };
		C7165626118E318500672DF7 /* star.png in Resources */ = {isa = PBXBuildFile; fileRef = C7165625118E318500672DF7 /* star.png */; };
		C716562A118E32F900672DF7 /* music_icon.png in Resources */ = {isa = PBXBuildFile; fileRef = C7165629118E32F900672DF7 /* music_icon.png */; };
		C7165637118E34FF00672DF7 /* account.png in Resources */ = {isa = PBXBuildFile; fileRef = C7165636118E34FF00672DF7 /* account.png */; };
		C716563D118E365E00672DF7 /* Globe-Icon.png in Resources */ = {isa = PBXBuildFile; fileRef = C716563C118E365E00672DF7 /* Globe-Icon.png */; };
		C71656A1118E407100672DF7 /* ActivityAlert.m in Sources */ = {isa = PBXBuildFile; fileRef = C71656A0118E407100672DF7 /* ActivityAlert.m */; };
		C71656D3118E46DC00672DF7 /* loading_image.png in Resources */ = {isa = PBXBuildFile; fileRef = C71656D2118E46DC00672DF7 /* loading_image.png */; };
		C75AABD4118D31F900DEBC64 /* MediaPlayer.framework in Frameworks */ = {isa = PBXBuildFile; fileRef = C75AABD3118D31F900DEBC64 /* MediaPlayer.framework */; };
		C77473FD118D478F0055BB53 /* CoreLocation.framework in Frameworks */ = {isa = PBXBuildFile; fileRef = C77473FC118D478F0055BB53 /* CoreLocation.framework */; };
		C7747405118D49740055BB53 /* checkin-button-iphone.png in Resources */ = {isa = PBXBuildFile; fileRef = C7747401118D49740055BB53 /* checkin-button-iphone.png */; };
		C7747407118D49740055BB53 /* nowplayingiphonev2.png in Resources */ = {isa = PBXBuildFile; fileRef = C7747403118D49740055BB53 /* nowplayingiphonev2.png */; };
		C7C8F030118D4B50002B79CB /* appicon.png in Resources */ = {isa = PBXBuildFile; fileRef = C7C8F02F118D4B50002B79CB /* appicon.png */; };
/* End PBXBuildFile section */

/* Begin PBXFileReference section */
		1D30AB110D05D00D00671497 /* Foundation.framework */ = {isa = PBXFileReference; lastKnownFileType = wrapper.framework; name = Foundation.framework; path = System/Library/Frameworks/Foundation.framework; sourceTree = SDKROOT; };
		1D3623240D0F684500981E51 /* MusicCheckinAppDelegate.h */ = {isa = PBXFileReference; fileEncoding = 4; lastKnownFileType = sourcecode.c.h; path = MusicCheckinAppDelegate.h; sourceTree = "<group>"; };
		1D3623250D0F684500981E51 /* MusicCheckinAppDelegate.m */ = {isa = PBXFileReference; fileEncoding = 4; lastKnownFileType = sourcecode.c.objc; path = MusicCheckinAppDelegate.m; sourceTree = "<group>"; };
		1D6058910D05DD3D006BFB54 /* MusicCheckin.app */ = {isa = PBXFileReference; explicitFileType = wrapper.application; includeInIndex = 0; path = MusicCheckin.app; sourceTree = BUILT_PRODUCTS_DIR; };
		1DF5F4DF0D08C38300B7A737 /* UIKit.framework */ = {isa = PBXFileReference; lastKnownFileType = wrapper.framework; name = UIKit.framework; path = System/Library/Frameworks/UIKit.framework; sourceTree = SDKROOT; };
		288765FC0DF74451002DB57D /* CoreGraphics.framework */ = {isa = PBXFileReference; lastKnownFileType = wrapper.framework; name = CoreGraphics.framework; path = System/Library/Frameworks/CoreGraphics.framework; sourceTree = SDKROOT; };
		28AD733E0D9D9553002E5188 /* MainWindow.xib */ = {isa = PBXFileReference; lastKnownFileType = file.xib; path = MainWindow.xib; sourceTree = "<group>"; };
		29B97316FDCFA39411CA2CEA /* main.m */ = {isa = PBXFileReference; fileEncoding = 4; lastKnownFileType = sourcecode.c.objc; path = main.m; sourceTree = "<group>"; };
		32CA4F630368D1EE00C91783 /* MusicCheckin_Prefix.pch */ = {isa = PBXFileReference; fileEncoding = 4; lastKnownFileType = sourcecode.c.h; path = MusicCheckin_Prefix.pch; sourceTree = "<group>"; };
		8D1107310486CEB800E47090 /* MusicCheckin-Info.plist */ = {isa = PBXFileReference; fileEncoding = 4; lastKnownFileType = text.plist.xml; path = "MusicCheckin-Info.plist"; plistStructureDefinitionIdentifier = "com.apple.xcode.plist.structure-definition.iphone.info-plist"; sourceTree = "<group>"; };
		C70A732E118D17F700FA5E7C /* AccountViewController.h */ = {isa = PBXFileReference; fileEncoding = 4; lastKnownFileType = sourcecode.c.h; path = AccountViewController.h; sourceTree = "<group>"; };
		C70A732F118D17F700FA5E7C /* AccountViewController.m */ = {isa = PBXFileReference; fileEncoding = 4; lastKnownFileType = sourcecode.c.objc; path = AccountViewController.m; sourceTree = "<group>"; };
		C70A7330118D17F700FA5E7C /* AccountViewController.xib */ = {isa = PBXFileReference; lastKnownFileType = file.xib; path = AccountViewController.xib; sourceTree = "<group>"; };
		C70A7331118D17F700FA5E7C /* TwitterUser.h */ = {isa = PBXFileReference; fileEncoding = 4; lastKnownFileType = sourcecode.c.h; path = TwitterUser.h; sourceTree = "<group>"; };
		C70A7332118D17F700FA5E7C /* TwitterUser.m */ = {isa = PBXFileReference; fileEncoding = 4; lastKnownFileType = sourcecode.c.objc; path = TwitterUser.m; sourceTree = "<group>"; };
		C70A734C118D1D8100FA5E7C /* NowPlayingViewController.h */ = {isa = PBXFileReference; fileEncoding = 4; lastKnownFileType = sourcecode.c.h; path = NowPlayingViewController.h; sourceTree = "<group>"; };
		C70A734D118D1D8100FA5E7C /* NowPlayingViewController.m */ = {isa = PBXFileReference; fileEncoding = 4; lastKnownFileType = sourcecode.c.objc; path = NowPlayingViewController.m; sourceTree = "<group>"; };
		C70A734E118D1D8100FA5E7C /* NowPlayingViewController.xib */ = {isa = PBXFileReference; lastKnownFileType = file.xib; path = NowPlayingViewController.xib; sourceTree = "<group>"; };
		C70A7353118D1DCD00FA5E7C /* CheckinDetailsViewController.h */ = {isa = PBXFileReference; fileEncoding = 4; lastKnownFileType = sourcecode.c.h; path = CheckinDetailsViewController.h; sourceTree = "<group>"; };
		C70A7354118D1DCD00FA5E7C /* CheckinDetailsViewController.m */ = {isa = PBXFileReference; fileEncoding = 4; lastKnownFileType = sourcecode.c.objc; path = CheckinDetailsViewController.m; sourceTree = "<group>"; };
		C70A7355118D1DCD00FA5E7C /* CheckinDetailsViewController.xib */ = {isa = PBXFileReference; lastKnownFileType = file.xib; path = CheckinDetailsViewController.xib; sourceTree = "<group>"; };
		C70A7356118D1DCD00FA5E7C /* SongInfo.h */ = {isa = PBXFileReference; fileEncoding = 4; lastKnownFileType = sourcecode.c.h; path = SongInfo.h; sourceTree = "<group>"; };
		C70A7357118D1DCD00FA5E7C /* SongInfo.m */ = {isa = PBXFileReference; fileEncoding = 4; lastKnownFileType = sourcecode.c.objc; path = SongInfo.m; sourceTree = "<group>"; };
		C70A735C118D1DEC00FA5E7C /* Champion.jpg */ = {isa = PBXFileReference; lastKnownFileType = image.jpeg; name = Champion.jpg; path = images/Champion.jpg; sourceTree = "<group>"; };
		C70A735D118D1DEC00FA5E7C /* facebook.png */ = {isa = PBXFileReference; lastKnownFileType = image.png; name = facebook.png; path = images/facebook.png; sourceTree = "<group>"; };
		C70A735E118D1DEC00FA5E7C /* facebookbug.PNG */ = {isa = PBXFileReference; lastKnownFileType = image.png; name = facebookbug.PNG; path = images/facebookbug.PNG; sourceTree = "<group>"; };
		C70A735F118D1DEC00FA5E7C /* twitter.png */ = {isa = PBXFileReference; lastKnownFileType = image.png; name = twitter.png; path = images/twitter.png; sourceTree = "<group>"; };
		C70A7360118D1DEC00FA5E7C /* twitterbug.png */ = {isa = PBXFileReference; lastKnownFileType = image.png; name = twitterbug.png; path = images/twitterbug.png; sourceTree = "<group>"; };
		C71654E9118DFEDA00672DF7 /* WorldPlayingViewController.h */ = {isa = PBXFileReference; fileEncoding = 4; lastKnownFileType = sourcecode.c.h; path = WorldPlayingViewController.h; sourceTree = "<group>"; };
		C71654EA118DFEDA00672DF7 /* WorldPlayingViewController.m */ = {isa = PBXFileReference; fileEncoding = 4; lastKnownFileType = sourcecode.c.objc; path = WorldPlayingViewController.m; sourceTree = "<group>"; };
		C71654EB118DFEDA00672DF7 /* WorldPlayingViewController.xib */ = {isa = PBXFileReference; lastKnownFileType = file.xib; path = WorldPlayingViewController.xib; sourceTree = "<group>"; };
		C71655BC118E222000672DF7 /* Default.png */ = {isa = PBXFileReference; lastKnownFileType = image.png; name = Default.png; path = images/Default.png; sourceTree = "<group>"; };
		C71655BD118E222000672DF7 /* mainlogo.png */ = {isa = PBXFileReference; lastKnownFileType = image.png; name = mainlogo.png; path = images/mainlogo.png; sourceTree = "<group>"; };
		C71655C3118E26E000672DF7 /* mainicon.jpg */ = {isa = PBXFileReference; lastKnownFileType = image.jpeg; name = mainicon.jpg; path = images/mainicon.jpg; sourceTree = "<group>"; };
		C71655F7118E2D8E00672DF7 /* world.png */ = {isa = PBXFileReference; lastKnownFileType = image.png; name = world.png; path = images/world.png; sourceTree = "<group>"; };
		C7165625118E318500672DF7 /* star.png */ = {isa = PBXFileReference; lastKnownFileType = image.png; name = star.png; path = images/star.png; sourceTree = "<group>"; };
		C7165629118E32F900672DF7 /* music_icon.png */ = {isa = PBXFileReference; lastKnownFileType = image.png; name = music_icon.png; path = images/music_icon.png; sourceTree = "<group>"; };
		C7165636118E34FF00672DF7 /* account.png */ = {isa = PBXFileReference; lastKnownFileType = image.png; name = account.png; path = images/account.png; sourceTree = "<group>"; };
		C716563C118E365E00672DF7 /* Globe-Icon.png */ = {isa = PBXFileReference; lastKnownFileType = image.png; name = "Globe-Icon.png"; path = "images/Globe-Icon.png"; sourceTree = "<group>"; };
		C716569F118E407100672DF7 /* ActivityAlert.h */ = {isa = PBXFileReference; fileEncoding = 4; lastKnownFileType = sourcecode.c.h; path = ActivityAlert.h; sourceTree = "<group>"; };
		C71656A0118E407100672DF7 /* ActivityAlert.m */ = {isa = PBXFileReference; fileEncoding = 4; lastKnownFileType = sourcecode.c.objc; path = ActivityAlert.m; sourceTree = "<group>"; };
		C71656D2118E46DC00672DF7 /* loading_image.png */ = {isa = PBXFileReference; lastKnownFileType = image.png; name = loading_image.png; path = images/loading_image.png; sourceTree = "<group>"; };
		C75AABD3118D31F900DEBC64 /* MediaPlayer.framework */ = {isa = PBXFileReference; lastKnownFileType = wrapper.framework; name = MediaPlayer.framework; path = System/Library/Frameworks/MediaPlayer.framework; sourceTree = SDKROOT; };
		C77473FC118D478F0055BB53 /* CoreLocation.framework */ = {isa = PBXFileReference; lastKnownFileType = wrapper.framework; name = CoreLocation.framework; path = System/Library/Frameworks/CoreLocation.framework; sourceTree = SDKROOT; };
		C7747401118D49740055BB53 /* checkin-button-iphone.png */ = {isa = PBXFileReference; lastKnownFileType = image.png; name = "checkin-button-iphone.png"; path = "images/checkin-button-iphone.png"; sourceTree = "<group>"; };
		C7747403118D49740055BB53 /* nowplayingiphonev2.png */ = {isa = PBXFileReference; lastKnownFileType = image.png; name = nowplayingiphonev2.png; path = images/nowplayingiphonev2.png; sourceTree = "<group>"; };
		C7C8F02F118D4B50002B79CB /* appicon.png */ = {isa = PBXFileReference; lastKnownFileType = image.png; path = appicon.png; sourceTree = "<group>"; };
/* End PBXFileReference section */

/* Begin PBXFrameworksBuildPhase section */
		1D60588F0D05DD3D006BFB54 /* Frameworks */ = {
			isa = PBXFrameworksBuildPhase;
			buildActionMask = 2147483647;
			files = (
				1D60589F0D05DD5A006BFB54 /* Foundation.framework in Frameworks */,
				1DF5F4E00D08C38300B7A737 /* UIKit.framework in Frameworks */,
				288765FD0DF74451002DB57D /* CoreGraphics.framework in Frameworks */,
				C75AABD4118D31F900DEBC64 /* MediaPlayer.framework in Frameworks */,
				C77473FD118D478F0055BB53 /* CoreLocation.framework in Frameworks */,
			);
			runOnlyForDeploymentPostprocessing = 0;
		};
/* End PBXFrameworksBuildPhase section */

/* Begin PBXGroup section */
		080E96DDFE201D6D7F000001 /* Classes */ = {
			isa = PBXGroup;
			children = (
				C716569F118E407100672DF7 /* ActivityAlert.h */,
				C71656A0118E407100672DF7 /* ActivityAlert.m */,
				C70A7353118D1DCD00FA5E7C /* CheckinDetailsViewController.h */,
				C70A7354118D1DCD00FA5E7C /* CheckinDetailsViewController.m */,
				C70A7355118D1DCD00FA5E7C /* CheckinDetailsViewController.xib */,
				C70A7356118D1DCD00FA5E7C /* SongInfo.h */,
				C70A7357118D1DCD00FA5E7C /* SongInfo.m */,
				C70A734C118D1D8100FA5E7C /* NowPlayingViewController.h */,
				C70A734D118D1D8100FA5E7C /* NowPlayingViewController.m */,
				C70A734E118D1D8100FA5E7C /* NowPlayingViewController.xib */,
				C70A732E118D17F700FA5E7C /* AccountViewController.h */,
				C70A732F118D17F700FA5E7C /* AccountViewController.m */,
				C70A7330118D17F700FA5E7C /* AccountViewController.xib */,
				C70A7331118D17F700FA5E7C /* TwitterUser.h */,
				C70A7332118D17F700FA5E7C /* TwitterUser.m */,
				1D3623240D0F684500981E51 /* MusicCheckinAppDelegate.h */,
				1D3623250D0F684500981E51 /* MusicCheckinAppDelegate.m */,
				C71654E9118DFEDA00672DF7 /* WorldPlayingViewController.h */,
				C71654EA118DFEDA00672DF7 /* WorldPlayingViewController.m */,
				C71654EB118DFEDA00672DF7 /* WorldPlayingViewController.xib */,
			);
			path = Classes;
			sourceTree = "<group>";
		};
		19C28FACFE9D520D11CA2CBB /* Products */ = {
			isa = PBXGroup;
			children = (
				1D6058910D05DD3D006BFB54 /* MusicCheckin.app */,
			);
			name = Products;
			sourceTree = "<group>";
		};
		29B97314FDCFA39411CA2CEA /* CustomTemplate */ = {
			isa = PBXGroup;
			children = (
				080E96DDFE201D6D7F000001 /* Classes */,
				29B97315FDCFA39411CA2CEA /* Other Sources */,
				29B97317FDCFA39411CA2CEA /* Resources */,
				29B97323FDCFA39411CA2CEA /* Frameworks */,
				19C28FACFE9D520D11CA2CBB /* Products */,
			);
			name = CustomTemplate;
			sourceTree = "<group>";
		};
		29B97315FDCFA39411CA2CEA /* Other Sources */ = {
			isa = PBXGroup;
			children = (
				32CA4F630368D1EE00C91783 /* MusicCheckin_Prefix.pch */,
				29B97316FDCFA39411CA2CEA /* main.m */,
			);
			name = "Other Sources";
			sourceTree = "<group>";
		};
		29B97317FDCFA39411CA2CEA /* Resources */ = {
			isa = PBXGroup;
			children = (
				C70A735B118D1DD900FA5E7C /* images */,
				28AD733E0D9D9553002E5188 /* MainWindow.xib */,
				8D1107310486CEB800E47090 /* MusicCheckin-Info.plist */,
			);
			name = Resources;
			sourceTree = "<group>";
		};
		29B97323FDCFA39411CA2CEA /* Frameworks */ = {
			isa = PBXGroup;
			children = (
				1DF5F4DF0D08C38300B7A737 /* UIKit.framework */,
				1D30AB110D05D00D00671497 /* Foundation.framework */,
				288765FC0DF74451002DB57D /* CoreGraphics.framework */,
				C75AABD3118D31F900DEBC64 /* MediaPlayer.framework */,
				C77473FC118D478F0055BB53 /* CoreLocation.framework */,
			);
			name = Frameworks;
			sourceTree = "<group>";
		};
		C70A735B118D1DD900FA5E7C /* images */ = {
			isa = PBXGroup;
			children = (
				C71656D2118E46DC00672DF7 /* loading_image.png */,
				C716563C118E365E00672DF7 /* Globe-Icon.png */,
				C7165636118E34FF00672DF7 /* account.png */,
				C7165629118E32F900672DF7 /* music_icon.png */,
				C7165625118E318500672DF7 /* star.png */,
				C71655F7118E2D8E00672DF7 /* world.png */,
				C71655C3118E26E000672DF7 /* mainicon.jpg */,
				C71655BC118E222000672DF7 /* Default.png */,
				C71655BD118E222000672DF7 /* mainlogo.png */,
				C7C8F02F118D4B50002B79CB /* appicon.png */,
				C7747401118D49740055BB53 /* checkin-button-iphone.png */,
				C7747403118D49740055BB53 /* nowplayingiphonev2.png */,
				C70A735C118D1DEC00FA5E7C /* Champion.jpg */,
				C70A735D118D1DEC00FA5E7C /* facebook.png */,
				C70A735E118D1DEC00FA5E7C /* facebookbug.PNG */,
				C70A735F118D1DEC00FA5E7C /* twitter.png */,
				C70A7360118D1DEC00FA5E7C /* twitterbug.png */,
			);
			name = images;
			sourceTree = "<group>";
		};
/* End PBXGroup section */

/* Begin PBXNativeTarget section */
		1D6058900D05DD3D006BFB54 /* MusicCheckin */ = {
			isa = PBXNativeTarget;
			buildConfigurationList = 1D6058960D05DD3E006BFB54 /* Build configuration list for PBXNativeTarget "MusicCheckin" */;
			buildPhases = (
				1D60588D0D05DD3D006BFB54 /* Resources */,
				1D60588E0D05DD3D006BFB54 /* Sources */,
				1D60588F0D05DD3D006BFB54 /* Frameworks */,
			);
			buildRules = (
			);
			dependencies = (
			);
			name = MusicCheckin;
			productName = MusicCheckin;
			productReference = 1D6058910D05DD3D006BFB54 /* MusicCheckin.app */;
			productType = "com.apple.product-type.application";
		};
/* End PBXNativeTarget section */

/* Begin PBXProject section */
		29B97313FDCFA39411CA2CEA /* Project object */ = {
			isa = PBXProject;
			buildConfigurationList = C01FCF4E08A954540054247B /* Build configuration list for PBXProject "MusicCheckin" */;
			compatibilityVersion = "Xcode 3.1";
			hasScannedForEncodings = 1;
			mainGroup = 29B97314FDCFA39411CA2CEA /* CustomTemplate */;
			projectDirPath = "";
			projectRoot = "";
			targets = (
				1D6058900D05DD3D006BFB54 /* MusicCheckin */,
			);
		};
/* End PBXProject section */

/* Begin PBXResourcesBuildPhase section */
		1D60588D0D05DD3D006BFB54 /* Resources */ = {
			isa = PBXResourcesBuildPhase;
			buildActionMask = 2147483647;
			files = (
				C70A7334118D17F700FA5E7C /* AccountViewController.xib in Resources */,
				C70A7350118D1D8100FA5E7C /* NowPlayingViewController.xib in Resources */,
				C70A7359118D1DCD00FA5E7C /* CheckinDetailsViewController.xib in Resources */,
				C70A7361118D1DEC00FA5E7C /* Champion.jpg in Resources */,
				C70A7362118D1DEC00FA5E7C /* facebook.png in Resources */,
				C70A7363118D1DEC00FA5E7C /* facebookbug.PNG in Resources */,
				C70A7364118D1DEC00FA5E7C /* twitter.png in Resources */,
				C70A7365118D1DEC00FA5E7C /* twitterbug.png in Resources */,
				C7747405118D49740055BB53 /* checkin-button-iphone.png in Resources */,
				C7747407118D49740055BB53 /* nowplayingiphonev2.png in Resources */,
				C7C8F030118D4B50002B79CB /* appicon.png in Resources */,
				C71654ED118DFEDA00672DF7 /* WorldPlayingViewController.xib in Resources */,
				C71655BE118E222000672DF7 /* Default.png in Resources */,
				C71655BF118E222000672DF7 /* mainlogo.png in Resources */,
				C71655C4118E26E000672DF7 /* mainicon.jpg in Resources */,
				C71655F8118E2D8E00672DF7 /* world.png in Resources */,
				C7165626118E318500672DF7 /* star.png in Resources */,
				C716562A118E32F900672DF7 /* music_icon.png in Resources */,
				C7165637118E34FF00672DF7 /* account.png in Resources */,
				C716563D118E365E00672DF7 /* Globe-Icon.png in Resources */,
				C71656D3118E46DC00672DF7 /* loading_image.png in Resources */,
			);
			runOnlyForDeploymentPostprocessing = 0;
		};
/* End PBXResourcesBuildPhase section */

/* Begin PBXSourcesBuildPhase section */
		1D60588E0D05DD3D006BFB54 /* Sources */ = {
			isa = PBXSourcesBuildPhase;
			buildActionMask = 2147483647;
			files = (
				1D60589B0D05DD56006BFB54 /* main.m in Sources */,
				1D3623260D0F684500981E51 /* MusicCheckinAppDelegate.m in Sources */,
				C70A7333118D17F700FA5E7C /* AccountViewController.m in Sources */,
				C70A7335118D17F700FA5E7C /* TwitterUser.m in Sources */,
				C70A734F118D1D8100FA5E7C /* NowPlayingViewController.m in Sources */,
				C70A7358118D1DCD00FA5E7C /* CheckinDetailsViewController.m in Sources */,
				C70A735A118D1DCD00FA5E7C /* SongInfo.m in Sources */,
				C71654EC118DFEDA00672DF7 /* WorldPlayingViewController.m in Sources */,
				C71656A1118E407100672DF7 /* ActivityAlert.m in Sources */,
			);
			runOnlyForDeploymentPostprocessing = 0;
		};
/* End PBXSourcesBuildPhase section */

/* Begin XCBuildConfiguration section */
		1D6058940D05DD3E006BFB54 /* Debug */ = {
			isa = XCBuildConfiguration;
			buildSettings = {
				ALWAYS_SEARCH_USER_PATHS = NO;
				"CODE_SIGN_IDENTITY[sdk=iphoneos*]" = "iPhone Developer: David Quail (WL7HC6VYZ3)";
				COPY_PHASE_STRIP = NO;
				GCC_DYNAMIC_NO_PIC = NO;
				GCC_OPTIMIZATION_LEVEL = 0;
				GCC_PRECOMPILE_PREFIX_HEADER = YES;
				GCC_PREFIX_HEADER = MusicCheckin_Prefix.pch;
				INFOPLIST_FILE = "MusicCheckin-Info.plist";
				PRODUCT_NAME = MusicCheckin;
				"PROVISIONING_PROFILE[sdk=iphoneos*]" = "D19553ED-EFAF-428F-BBB8-F537377EFF2E";
				SDKROOT = iphoneos3.0;
			};
			name = Debug;
		};
		1D6058950D05DD3E006BFB54 /* Release */ = {
			isa = XCBuildConfiguration;
			buildSettings = {
				ALWAYS_SEARCH_USER_PATHS = NO;
				"CODE_SIGN_IDENTITY[sdk=iphoneos*]" = "iPhone Developer: David Quail (WL7HC6VYZ3)";
				COPY_PHASE_STRIP = YES;
				GCC_PRECOMPILE_PREFIX_HEADER = YES;
				GCC_PREFIX_HEADER = MusicCheckin_Prefix.pch;
				INFOPLIST_FILE = "MusicCheckin-Info.plist";
				PRODUCT_NAME = MusicCheckin;
				"PROVISIONING_PROFILE[sdk=iphoneos*]" = "D19553ED-EFAF-428F-BBB8-F537377EFF2E";
				SDKROOT = iphoneos3.0;
				VALIDATE_PRODUCT = YES;
			};
			name = Release;
		};
		C01FCF4F08A954540054247B /* Debug */ = {
			isa = XCBuildConfiguration;
			buildSettings = {
				ARCHS = "$(ARCHS_STANDARD_32_BIT)";
				"CODE_SIGN_IDENTITY[sdk=iphoneos*]" = "iPhone Developer";
				GCC_C_LANGUAGE_STANDARD = c99;
				GCC_WARN_ABOUT_RETURN_TYPE = YES;
				GCC_WARN_UNUSED_VARIABLE = YES;
				PREBINDING = NO;
				SDKROOT = iphoneos4.0;
			};
			name = Debug;
		};
		C01FCF5008A954540054247B /* Release */ = {
			isa = XCBuildConfiguration;
			buildSettings = {
				ARCHS = "$(ARCHS_STANDARD_32_BIT)";
				"CODE_SIGN_IDENTITY[sdk=iphoneos*]" = "iPhone Developer";
				GCC_C_LANGUAGE_STANDARD = c99;
				GCC_WARN_ABOUT_RETURN_TYPE = YES;
				GCC_WARN_UNUSED_VARIABLE = YES;
				OTHER_CFLAGS = "-DNS_BLOCK_ASSERTIONS=1";
				PREBINDING = NO;
				SDKROOT = iphoneos4.0;
			};
			name = Release;
		};
/* End XCBuildConfiguration section */

/* Begin XCConfigurationList section */
		1D6058960D05DD3E006BFB54 /* Build configuration list for PBXNativeTarget "MusicCheckin" */ = {
			isa = XCConfigurationList;
			buildConfigurations = (
				1D6058940D05DD3E006BFB54 /* Debug */,
				1D6058950D05DD3E006BFB54 /* Release */,
			);
			defaultConfigurationIsVisible = 0;
			defaultConfigurationName = Release;
		};
		C01FCF4E08A954540054247B /* Build configuration list for PBXProject "MusicCheckin" */ = {
			isa = XCConfigurationList;
			buildConfigurations = (
				C01FCF4F08A954540054247B /* Debug */,
				C01FCF5008A954540054247B /* Release */,
			);
			defaultConfigurationIsVisible = 0;
			defaultConfigurationName = Release;
		};
/* End XCConfigurationList section */
	};
	rootObject = 29B97313FDCFA39411CA2CEA /* Project object */;
}
